// !$*UTF8*$!
{
	archiveVersion = 1;
	classes = {
	};
	objectVersion = 46;
	objects = {

/* Begin PBXBuildFile section */
		801502961F061E5F006C40AA /* TouchViewController.swift in Sources */ = {isa = PBXBuildFile; fileRef = 801502951F061E5F006C40AA /* TouchViewController.swift */; };
		801502981F061FF8006C40AA /* TouchAuthenticationHelper.swift in Sources */ = {isa = PBXBuildFile; fileRef = 801502971F061FF8006C40AA /* TouchAuthenticationHelper.swift */; };
		8015029B1F06201B006C40AA /* LocalAuthentication.framework in Frameworks */ = {isa = PBXBuildFile; fileRef = 8015029A1F06201B006C40AA /* LocalAuthentication.framework */; };
		8015029D1F062113006C40AA /* AlertHandler.swift in Sources */ = {isa = PBXBuildFile; fileRef = 8015029C1F062113006C40AA /* AlertHandler.swift */; };
		8015029F1F0645BA006C40AA /* TouchViewTest.swift in Sources */ = {isa = PBXBuildFile; fileRef = 8015029E1F0645BA006C40AA /* TouchViewTest.swift */; };
		801502A11F064A02006C40AA /* TableViewTest.swift in Sources */ = {isa = PBXBuildFile; fileRef = 801502A01F064A02006C40AA /* TableViewTest.swift */; };
		803884121F0A0B8D00594975 /* UserImages+CoreDataClass.swift in Sources */ = {isa = PBXBuildFile; fileRef = 803884101F0A0B8D00594975 /* UserImages+CoreDataClass.swift */; };
		803884131F0A0B8D00594975 /* UserImages+CoreDataProperties.swift in Sources */ = {isa = PBXBuildFile; fileRef = 803884111F0A0B8D00594975 /* UserImages+CoreDataProperties.swift */; };
		8038842F1F0A3F9900594975 /* Accounts.framework in Frameworks */ = {isa = PBXBuildFile; fileRef = 8038842E1F0A3F9900594975 /* Accounts.framework */; };
		803884311F0A40F300594975 /* Social.framework in Frameworks */ = {isa = PBXBuildFile; fileRef = 803884301F0A40F300594975 /* Social.framework */; };
		804C9D5E1F0544EF00876985 /* NotificationOperation.swift in Sources */ = {isa = PBXBuildFile; fileRef = 804C9D5D1F0544EF00876985 /* NotificationOperation.swift */; };
		8067B03F1F06A482000B12E7 /* CoreDataStackClass.swift in Sources */ = {isa = PBXBuildFile; fileRef = 8067B03E1F06A482000B12E7 /* CoreDataStackClass.swift */; };
		807BC2241F08ED4300A6369C /* TwitterViewControllerExtenstion.swift in Sources */ = {isa = PBXBuildFile; fileRef = 807BC2231F08ED4300A6369C /* TwitterViewControllerExtenstion.swift */; };
		80B6A8911F06614500CF4F69 /* TestServiceCall.swift in Sources */ = {isa = PBXBuildFile; fileRef = 80B6A8901F06614500CF4F69 /* TestServiceCall.swift */; };
		80B6A8931F06669500CF4F69 /* XCTestCase+CoreData.swift in Sources */ = {isa = PBXBuildFile; fileRef = 80B6A8921F06669500CF4F69 /* XCTestCase+CoreData.swift */; };
		80B6A8951F06671F00CF4F69 /* TwitterUserTest.swift in Sources */ = {isa = PBXBuildFile; fileRef = 80B6A8941F06671F00CF4F69 /* TwitterUserTest.swift */; };
		80C591851F04DC9A0021386C /* AppDelegate.swift in Sources */ = {isa = PBXBuildFile; fileRef = 80C591841F04DC9A0021386C /* AppDelegate.swift */; };
		80C591871F04DC9A0021386C /* TwitterViewController.swift in Sources */ = {isa = PBXBuildFile; fileRef = 80C591861F04DC9A0021386C /* TwitterViewController.swift */; };
		80C5918A1F04DC9A0021386C /* Main.storyboard in Resources */ = {isa = PBXBuildFile; fileRef = 80C591881F04DC9A0021386C /* Main.storyboard */; };
		80C5918D1F04DC9A0021386C /* TwitterDemo.xcdatamodeld in Sources */ = {isa = PBXBuildFile; fileRef = 80C5918B1F04DC9A0021386C /* TwitterDemo.xcdatamodeld */; };
		80C5918F1F04DC9A0021386C /* Assets.xcassets in Resources */ = {isa = PBXBuildFile; fileRef = 80C5918E1F04DC9A0021386C /* Assets.xcassets */; };
		80C591921F04DC9A0021386C /* LaunchScreen.storyboard in Resources */ = {isa = PBXBuildFile; fileRef = 80C591901F04DC9A0021386C /* LaunchScreen.storyboard */; };
		80C591BC1F04E5C20021386C /* TwitterHttpRequest.swift in Sources */ = {isa = PBXBuildFile; fileRef = 80C591BB1F04E5C20021386C /* TwitterHttpRequest.swift */; };
		80C591C01F04EB230021386C /* Element.swift in Sources */ = {isa = PBXBuildFile; fileRef = 80C591BF1F04EB230021386C /* Element.swift */; };
		80C591C71F0524B30021386C /* CustomTableViewCell.swift in Sources */ = {isa = PBXBuildFile; fileRef = 80C591C61F0524B30021386C /* CustomTableViewCell.swift */; };
		80C591D51F053B240021386C /* TwitterUser+CoreDataClass.swift in Sources */ = {isa = PBXBuildFile; fileRef = 80C591D31F053B240021386C /* TwitterUser+CoreDataClass.swift */; };
		80C591D61F053B240021386C /* TwitterUser+CoreDataProperties.swift in Sources */ = {isa = PBXBuildFile; fileRef = 80C591D41F053B240021386C /* TwitterUser+CoreDataProperties.swift */; };
		80C591D81F053DD20021386C /* Constants.swift in Sources */ = {isa = PBXBuildFile; fileRef = 80C591D71F053DD20021386C /* Constants.swift */; };
/* End PBXBuildFile section */

/* Begin PBXContainerItemProxy section */
		80C591991F04DC9A0021386C /* PBXContainerItemProxy */ = {
			isa = PBXContainerItemProxy;
			containerPortal = 80C591791F04DC9A0021386C /* Project object */;
			proxyType = 1;
			remoteGlobalIDString = 80C591801F04DC9A0021386C;
			remoteInfo = TwitterDemo;
		};
/* End PBXContainerItemProxy section */

/* Begin PBXFileReference section */
		801502951F061E5F006C40AA /* TouchViewController.swift */ = {isa = PBXFileReference; fileEncoding = 4; lastKnownFileType = sourcecode.swift; path = TouchViewController.swift; sourceTree = "<group>"; };
		801502971F061FF8006C40AA /* TouchAuthenticationHelper.swift */ = {isa = PBXFileReference; fileEncoding = 4; lastKnownFileType = sourcecode.swift; path = TouchAuthenticationHelper.swift; sourceTree = "<group>"; };
		8015029A1F06201B006C40AA /* LocalAuthentication.framework */ = {isa = PBXFileReference; lastKnownFileType = wrapper.framework; name = LocalAuthentication.framework; path = System/Library/Frameworks/LocalAuthentication.framework; sourceTree = SDKROOT; };
		8015029C1F062113006C40AA /* AlertHandler.swift */ = {isa = PBXFileReference; fileEncoding = 4; lastKnownFileType = sourcecode.swift; path = AlertHandler.swift; sourceTree = "<group>"; };
		8015029E1F0645BA006C40AA /* TouchViewTest.swift */ = {isa = PBXFileReference; fileEncoding = 4; lastKnownFileType = sourcecode.swift; path = TouchViewTest.swift; sourceTree = "<group>"; };
		801502A01F064A02006C40AA /* TableViewTest.swift */ = {isa = PBXFileReference; fileEncoding = 4; lastKnownFileType = sourcecode.swift; path = TableViewTest.swift; sourceTree = "<group>"; };
		803884101F0A0B8D00594975 /* UserImages+CoreDataClass.swift */ = {isa = PBXFileReference; fileEncoding = 4; lastKnownFileType = sourcecode.swift; path = "UserImages+CoreDataClass.swift"; sourceTree = "<group>"; };
		803884111F0A0B8D00594975 /* UserImages+CoreDataProperties.swift */ = {isa = PBXFileReference; fileEncoding = 4; lastKnownFileType = sourcecode.swift; path = "UserImages+CoreDataProperties.swift"; sourceTree = "<group>"; };
		8038842E1F0A3F9900594975 /* Accounts.framework */ = {isa = PBXFileReference; lastKnownFileType = wrapper.framework; name = Accounts.framework; path = System/Library/Frameworks/Accounts.framework; sourceTree = SDKROOT; };
		803884301F0A40F300594975 /* Social.framework */ = {isa = PBXFileReference; lastKnownFileType = wrapper.framework; name = Social.framework; path = System/Library/Frameworks/Social.framework; sourceTree = SDKROOT; };
		804C9D5D1F0544EF00876985 /* NotificationOperation.swift */ = {isa = PBXFileReference; fileEncoding = 4; lastKnownFileType = sourcecode.swift; path = NotificationOperation.swift; sourceTree = "<group>"; };
		8067B03E1F06A482000B12E7 /* CoreDataStackClass.swift */ = {isa = PBXFileReference; fileEncoding = 4; lastKnownFileType = sourcecode.swift; path = CoreDataStackClass.swift; sourceTree = "<group>"; };
		807BC2231F08ED4300A6369C /* TwitterViewControllerExtenstion.swift */ = {isa = PBXFileReference; fileEncoding = 4; lastKnownFileType = sourcecode.swift; path = TwitterViewControllerExtenstion.swift; sourceTree = "<group>"; };
		80B6A8901F06614500CF4F69 /* TestServiceCall.swift */ = {isa = PBXFileReference; fileEncoding = 4; lastKnownFileType = sourcecode.swift; path = TestServiceCall.swift; sourceTree = "<group>"; };
		80B6A8921F06669500CF4F69 /* XCTestCase+CoreData.swift */ = {isa = PBXFileReference; fileEncoding = 4; lastKnownFileType = sourcecode.swift; path = "XCTestCase+CoreData.swift"; sourceTree = "<group>"; };
		80B6A8941F06671F00CF4F69 /* TwitterUserTest.swift */ = {isa = PBXFileReference; fileEncoding = 4; lastKnownFileType = sourcecode.swift; path = TwitterUserTest.swift; sourceTree = "<group>"; };
		80C591811F04DC9A0021386C /* TwitterDemo.app */ = {isa = PBXFileReference; explicitFileType = wrapper.application; includeInIndex = 0; path = TwitterDemo.app; sourceTree = BUILT_PRODUCTS_DIR; };
		80C591841F04DC9A0021386C /* AppDelegate.swift */ = {isa = PBXFileReference; lastKnownFileType = sourcecode.swift; path = AppDelegate.swift; sourceTree = "<group>"; };
		80C591861F04DC9A0021386C /* TwitterViewController.swift */ = {isa = PBXFileReference; lastKnownFileType = sourcecode.swift; name = TwitterViewController.swift; path = ../TwitterViewController.swift; sourceTree = "<group>"; };
		80C591891F04DC9A0021386C /* Base */ = {isa = PBXFileReference; lastKnownFileType = file.storyboard; name = Base; path = Base.lproj/Main.storyboard; sourceTree = "<group>"; };
		80C5918C1F04DC9A0021386C /* TwitterDemo.xcdatamodel */ = {isa = PBXFileReference; lastKnownFileType = wrapper.xcdatamodel; path = TwitterDemo.xcdatamodel; sourceTree = "<group>"; };
		80C5918E1F04DC9A0021386C /* Assets.xcassets */ = {isa = PBXFileReference; lastKnownFileType = folder.assetcatalog; path = Assets.xcassets; sourceTree = "<group>"; };
		80C591911F04DC9A0021386C /* Base */ = {isa = PBXFileReference; lastKnownFileType = file.storyboard; name = Base; path = Base.lproj/LaunchScreen.storyboard; sourceTree = "<group>"; };
		80C591931F04DC9A0021386C /* Info.plist */ = {isa = PBXFileReference; lastKnownFileType = text.plist.xml; path = Info.plist; sourceTree = "<group>"; };
		80C591981F04DC9A0021386C /* TwitterDemoTests.xctest */ = {isa = PBXFileReference; explicitFileType = wrapper.cfbundle; includeInIndex = 0; path = TwitterDemoTests.xctest; sourceTree = BUILT_PRODUCTS_DIR; };
		80C5919E1F04DC9A0021386C /* Info.plist */ = {isa = PBXFileReference; lastKnownFileType = text.plist.xml; path = Info.plist; sourceTree = "<group>"; };
		80C591BB1F04E5C20021386C /* TwitterHttpRequest.swift */ = {isa = PBXFileReference; fileEncoding = 4; lastKnownFileType = sourcecode.swift; path = TwitterHttpRequest.swift; sourceTree = "<group>"; };
		80C591BF1F04EB230021386C /* Element.swift */ = {isa = PBXFileReference; fileEncoding = 4; lastKnownFileType = sourcecode.swift; name = Element.swift; path = ../Helper/Element.swift; sourceTree = "<group>"; };
		80C591C61F0524B30021386C /* CustomTableViewCell.swift */ = {isa = PBXFileReference; fileEncoding = 4; lastKnownFileType = sourcecode.swift; path = CustomTableViewCell.swift; sourceTree = "<group>"; };
		80C591D31F053B240021386C /* TwitterUser+CoreDataClass.swift */ = {isa = PBXFileReference; fileEncoding = 4; lastKnownFileType = sourcecode.swift; path = "TwitterUser+CoreDataClass.swift"; sourceTree = "<group>"; };
		80C591D41F053B240021386C /* TwitterUser+CoreDataProperties.swift */ = {isa = PBXFileReference; fileEncoding = 4; lastKnownFileType = sourcecode.swift; path = "TwitterUser+CoreDataProperties.swift"; sourceTree = "<group>"; };
		80C591D71F053DD20021386C /* Constants.swift */ = {isa = PBXFileReference; fileEncoding = 4; lastKnownFileType = sourcecode.swift; path = Constants.swift; sourceTree = "<group>"; };
/* End PBXFileReference section */

/* Begin PBXFrameworksBuildPhase section */
		80C5917E1F04DC9A0021386C /* Frameworks */ = {
			isa = PBXFrameworksBuildPhase;
			buildActionMask = 2147483647;
			files = (
				803884311F0A40F300594975 /* Social.framework in Frameworks */,
				8038842F1F0A3F9900594975 /* Accounts.framework in Frameworks */,
				8015029B1F06201B006C40AA /* LocalAuthentication.framework in Frameworks */,
			);
			runOnlyForDeploymentPostprocessing = 0;
		};
		80C591951F04DC9A0021386C /* Frameworks */ = {
			isa = PBXFrameworksBuildPhase;
			buildActionMask = 2147483647;
			files = (
			);
			runOnlyForDeploymentPostprocessing = 0;
		};
/* End PBXFrameworksBuildPhase section */

/* Begin PBXGroup section */
		801502991F06201B006C40AA /* Frameworks */ = {
			isa = PBXGroup;
			children = (
				803884301F0A40F300594975 /* Social.framework */,
				8038842E1F0A3F9900594975 /* Accounts.framework */,
				8015029A1F06201B006C40AA /* LocalAuthentication.framework */,
			);
			name = Frameworks;
			sourceTree = "<group>";
		};
		80C591781F04DC9A0021386C = {
			isa = PBXGroup;
			children = (
				80C591831F04DC9A0021386C /* TwitterDemo */,
				80C5919B1F04DC9A0021386C /* TwitterDemoTests */,
				80C591821F04DC9A0021386C /* Products */,
				801502991F06201B006C40AA /* Frameworks */,
			);
			sourceTree = "<group>";
		};
		80C591821F04DC9A0021386C /* Products */ = {
			isa = PBXGroup;
			children = (
				80C591811F04DC9A0021386C /* TwitterDemo.app */,
				80C591981F04DC9A0021386C /* TwitterDemoTests.xctest */,
			);
			name = Products;
			sourceTree = "<group>";
		};
		80C591831F04DC9A0021386C /* TwitterDemo */ = {
			isa = PBXGroup;
			children = (
				80C591BA1F04E5AA0021386C /* Helper */,
				80C591C81F0536530021386C /* Model */,
				80C591C51F05249F0021386C /* View */,
				80C591B91F04DD190021386C /* Controller */,
				80C591B01F04DCF30021386C /* TwitterFramework */,
				80C591841F04DC9A0021386C /* AppDelegate.swift */,
				80C591881F04DC9A0021386C /* Main.storyboard */,
				80C5918E1F04DC9A0021386C /* Assets.xcassets */,
				80C591901F04DC9A0021386C /* LaunchScreen.storyboard */,
				80C591931F04DC9A0021386C /* Info.plist */,
				80C5918B1F04DC9A0021386C /* TwitterDemo.xcdatamodeld */,
			);
			path = TwitterDemo;
			sourceTree = "<group>";
		};
		80C5919B1F04DC9A0021386C /* TwitterDemoTests */ = {
			isa = PBXGroup;
			children = (
				80B6A8921F06669500CF4F69 /* XCTestCase+CoreData.swift */,
				80C5919E1F04DC9A0021386C /* Info.plist */,
				8015029E1F0645BA006C40AA /* TouchViewTest.swift */,
				801502A01F064A02006C40AA /* TableViewTest.swift */,
				80B6A8901F06614500CF4F69 /* TestServiceCall.swift */,
				80B6A8941F06671F00CF4F69 /* TwitterUserTest.swift */,
				8067B03E1F06A482000B12E7 /* CoreDataStackClass.swift */,
			);
			path = TwitterDemoTests;
			sourceTree = "<group>";
		};
		80C591B01F04DCF30021386C /* TwitterFramework */ = {
			isa = PBXGroup;
			children = (
			);
			name = TwitterFramework;
			path = Twitter;
			sourceTree = "<group>";
		};
		80C591B91F04DD190021386C /* Controller */ = {
			isa = PBXGroup;
			children = (
				80C591861F04DC9A0021386C /* TwitterViewController.swift */,
				801502951F061E5F006C40AA /* TouchViewController.swift */,
			);
			path = Controller;
			sourceTree = "<group>";
		};
		80C591BA1F04E5AA0021386C /* Helper */ = {
			isa = PBXGroup;
			children = (
				8015029C1F062113006C40AA /* AlertHandler.swift */,
				801502971F061FF8006C40AA /* TouchAuthenticationHelper.swift */,
				80C591BB1F04E5C20021386C /* TwitterHttpRequest.swift */,
				80C591D71F053DD20021386C /* Constants.swift */,
			);
			path = Helper;
			sourceTree = "<group>";
		};
		80C591C51F05249F0021386C /* View */ = {
			isa = PBXGroup;
			children = (
				80C591C61F0524B30021386C /* CustomTableViewCell.swift */,
			);
			path = View;
			sourceTree = "<group>";
		};
		80C591C81F0536530021386C /* Model */ = {
			isa = PBXGroup;
			children = (
				803884101F0A0B8D00594975 /* UserImages+CoreDataClass.swift */,
				803884111F0A0B8D00594975 /* UserImages+CoreDataProperties.swift */,
				80C591D31F053B240021386C /* TwitterUser+CoreDataClass.swift */,
				80C591D41F053B240021386C /* TwitterUser+CoreDataProperties.swift */,
				804C9D5D1F0544EF00876985 /* NotificationOperation.swift */,
				80C591BF1F04EB230021386C /* Element.swift */,
				807BC2231F08ED4300A6369C /* TwitterViewControllerExtenstion.swift */,
			);
			path = Model;
			sourceTree = "<group>";
		};
/* End PBXGroup section */

/* Begin PBXNativeTarget section */
		80C591801F04DC9A0021386C /* TwitterDemo */ = {
			isa = PBXNativeTarget;
			buildConfigurationList = 80C591A11F04DC9A0021386C /* Build configuration list for PBXNativeTarget "TwitterDemo" */;
			buildPhases = (
				80C5917D1F04DC9A0021386C /* Sources */,
				80C5917E1F04DC9A0021386C /* Frameworks */,
				80C5917F1F04DC9A0021386C /* Resources */,
			);
			buildRules = (
			);
			dependencies = (
			);
			name = TwitterDemo;
			productName = TwitterDemo;
			productReference = 80C591811F04DC9A0021386C /* TwitterDemo.app */;
			productType = "com.apple.product-type.application";
		};
		80C591971F04DC9A0021386C /* TwitterDemoTests */ = {
			isa = PBXNativeTarget;
			buildConfigurationList = 80C591A41F04DC9A0021386C /* Build configuration list for PBXNativeTarget "TwitterDemoTests" */;
			buildPhases = (
				80C591941F04DC9A0021386C /* Sources */,
				80C591951F04DC9A0021386C /* Frameworks */,
				80C591961F04DC9A0021386C /* Resources */,
			);
			buildRules = (
			);
			dependencies = (
				80C5919A1F04DC9A0021386C /* PBXTargetDependency */,
			);
			name = TwitterDemoTests;
			productName = TwitterDemoTests;
			productReference = 80C591981F04DC9A0021386C /* TwitterDemoTests.xctest */;
			productType = "com.apple.product-type.bundle.unit-test";
		};
/* End PBXNativeTarget section */

/* Begin PBXProject section */
		80C591791F04DC9A0021386C /* Project object */ = {
			isa = PBXProject;
			attributes = {
				LastSwiftUpdateCheck = 0830;
				LastUpgradeCheck = 0830;
				ORGANIZATIONNAME = "Zensar Technologies Ltd., Pune";
				TargetAttributes = {
					80C591801F04DC9A0021386C = {
						CreatedOnToolsVersion = 8.3.2;
						DevelopmentTeam = 6V63C69JJF;
						ProvisioningStyle = Automatic;
					};
					80C591971F04DC9A0021386C = {
						CreatedOnToolsVersion = 8.3.2;
						ProvisioningStyle = Automatic;
						TestTargetID = 80C591801F04DC9A0021386C;
					};
				};
			};
			buildConfigurationList = 80C5917C1F04DC9A0021386C /* Build configuration list for PBXProject "TwitterDemo" */;
			compatibilityVersion = "Xcode 3.2";
			developmentRegion = English;
			hasScannedForEncodings = 0;
			knownRegions = (
				en,
				Base,
			);
			mainGroup = 80C591781F04DC9A0021386C;
			productRefGroup = 80C591821F04DC9A0021386C /* Products */;
			projectDirPath = "";
			projectRoot = "";
			targets = (
				80C591801F04DC9A0021386C /* TwitterDemo */,
				80C591971F04DC9A0021386C /* TwitterDemoTests */,
			);
		};
/* End PBXProject section */

/* Begin PBXResourcesBuildPhase section */
		80C5917F1F04DC9A0021386C /* Resources */ = {
			isa = PBXResourcesBuildPhase;
			buildActionMask = 2147483647;
			files = (
				80C591921F04DC9A0021386C /* LaunchScreen.storyboard in Resources */,
				80C5918F1F04DC9A0021386C /* Assets.xcassets in Resources */,
				80C5918A1F04DC9A0021386C /* Main.storyboard in Resources */,
			);
			runOnlyForDeploymentPostprocessing = 0;
		};
		80C591961F04DC9A0021386C /* Resources */ = {
			isa = PBXResourcesBuildPhase;
			buildActionMask = 2147483647;
			files = (
			);
			runOnlyForDeploymentPostprocessing = 0;
		};
/* End PBXResourcesBuildPhase section */

/* Begin PBXSourcesBuildPhase section */
		80C5917D1F04DC9A0021386C /* Sources */ = {
			isa = PBXSourcesBuildPhase;
			buildActionMask = 2147483647;
			files = (
				80C591C71F0524B30021386C /* CustomTableViewCell.swift in Sources */,
				80C5918D1F04DC9A0021386C /* TwitterDemo.xcdatamodeld in Sources */,
				807BC2241F08ED4300A6369C /* TwitterViewControllerExtenstion.swift in Sources */,
				804C9D5E1F0544EF00876985 /* NotificationOperation.swift in Sources */,
				80C591871F04DC9A0021386C /* TwitterViewController.swift in Sources */,
				80C591851F04DC9A0021386C /* AppDelegate.swift in Sources */,
				803884121F0A0B8D00594975 /* UserImages+CoreDataClass.swift in Sources */,
				801502981F061FF8006C40AA /* TouchAuthenticationHelper.swift in Sources */,
				80C591D61F053B240021386C /* TwitterUser+CoreDataProperties.swift in Sources */,
				80C591D51F053B240021386C /* TwitterUser+CoreDataClass.swift in Sources */,
				80C591BC1F04E5C20021386C /* TwitterHttpRequest.swift in Sources */,
				80C591C01F04EB230021386C /* Element.swift in Sources */,
				80C591D81F053DD20021386C /* Constants.swift in Sources */,
				8015029D1F062113006C40AA /* AlertHandler.swift in Sources */,
				803884131F0A0B8D00594975 /* UserImages+CoreDataProperties.swift in Sources */,
				801502961F061E5F006C40AA /* TouchViewController.swift in Sources */,
			);
			runOnlyForDeploymentPostprocessing = 0;
		};
		80C591941F04DC9A0021386C /* Sources */ = {
			isa = PBXSourcesBuildPhase;
			buildActionMask = 2147483647;
			files = (
				80B6A8951F06671F00CF4F69 /* TwitterUserTest.swift in Sources */,
				801502A11F064A02006C40AA /* TableViewTest.swift in Sources */,
				80B6A8931F06669500CF4F69 /* XCTestCase+CoreData.swift in Sources */,
				80B6A8911F06614500CF4F69 /* TestServiceCall.swift in Sources */,
				8015029F1F0645BA006C40AA /* TouchViewTest.swift in Sources */,
				8067B03F1F06A482000B12E7 /* CoreDataStackClass.swift in Sources */,
			);
			runOnlyForDeploymentPostprocessing = 0;
		};
/* End PBXSourcesBuildPhase section */

/* Begin PBXTargetDependency section */
		80C5919A1F04DC9A0021386C /* PBXTargetDependency */ = {
			isa = PBXTargetDependency;
			target = 80C591801F04DC9A0021386C /* TwitterDemo */;
			targetProxy = 80C591991F04DC9A0021386C /* PBXContainerItemProxy */;
		};
/* End PBXTargetDependency section */

/* Begin PBXVariantGroup section */
		80C591881F04DC9A0021386C /* Main.storyboard */ = {
			isa = PBXVariantGroup;
			children = (
				80C591891F04DC9A0021386C /* Base */,
			);
			name = Main.storyboard;
			sourceTree = "<group>";
		};
		80C591901F04DC9A0021386C /* LaunchScreen.storyboard */ = {
			isa = PBXVariantGroup;
			children = (
				80C591911F04DC9A0021386C /* Base */,
			);
			name = LaunchScreen.storyboard;
			sourceTree = "<group>";
		};
/* End PBXVariantGroup section */

/* Begin XCBuildConfiguration section */
		80C5919F1F04DC9A0021386C /* Debug */ = {
			isa = XCBuildConfiguration;
			buildSettings = {
				ALWAYS_SEARCH_USER_PATHS = NO;
				CLANG_ANALYZER_NONNULL = YES;
				CLANG_ANALYZER_NUMBER_OBJECT_CONVERSION = YES_AGGRESSIVE;
				CLANG_CXX_LANGUAGE_STANDARD = "gnu++0x";
				CLANG_CXX_LIBRARY = "libc++";
				CLANG_ENABLE_MODULES = YES;
				CLANG_ENABLE_OBJC_ARC = YES;
				CLANG_WARN_BOOL_CONVERSION = YES;
				CLANG_WARN_CONSTANT_CONVERSION = YES;
				CLANG_WARN_DIRECT_OBJC_ISA_USAGE = YES_ERROR;
				CLANG_WARN_DOCUMENTATION_COMMENTS = YES;
				CLANG_WARN_EMPTY_BODY = YES;
				CLANG_WARN_ENUM_CONVERSION = YES;
				CLANG_WARN_INFINITE_RECURSION = YES;
				CLANG_WARN_INT_CONVERSION = YES;
				CLANG_WARN_OBJC_ROOT_CLASS = YES_ERROR;
				CLANG_WARN_SUSPICIOUS_MOVE = YES;
				CLANG_WARN_UNREACHABLE_CODE = YES;
				CLANG_WARN__DUPLICATE_METHOD_MATCH = YES;
				"CODE_SIGN_IDENTITY[sdk=iphoneos*]" = "iPhone Developer";
				COPY_PHASE_STRIP = NO;
				DEBUG_INFORMATION_FORMAT = dwarf;
				ENABLE_STRICT_OBJC_MSGSEND = YES;
				ENABLE_TESTABILITY = YES;
				GCC_C_LANGUAGE_STANDARD = gnu99;
				GCC_DYNAMIC_NO_PIC = NO;
				GCC_NO_COMMON_BLOCKS = YES;
				GCC_OPTIMIZATION_LEVEL = 0;
				GCC_PREPROCESSOR_DEFINITIONS = (
					"DEBUG=1",
					"$(inherited)",
				);
				GCC_WARN_64_TO_32_BIT_CONVERSION = YES;
				GCC_WARN_ABOUT_RETURN_TYPE = YES_ERROR;
				GCC_WARN_UNDECLARED_SELECTOR = YES;
				GCC_WARN_UNINITIALIZED_AUTOS = YES_AGGRESSIVE;
				GCC_WARN_UNUSED_FUNCTION = YES;
				GCC_WARN_UNUSED_VARIABLE = YES;
				IPHONEOS_DEPLOYMENT_TARGET = 10.2;
				MTL_ENABLE_DEBUG_INFO = YES;
				ONLY_ACTIVE_ARCH = YES;
				SDKROOT = iphoneos;
				SWIFT_ACTIVE_COMPILATION_CONDITIONS = DEBUG;
				SWIFT_OPTIMIZATION_LEVEL = "-Onone";
			};
			name = Debug;
		};
		80C591A01F04DC9A0021386C /* Release */ = {
			isa = XCBuildConfiguration;
			buildSettings = {
				ALWAYS_SEARCH_USER_PATHS = NO;
				CLANG_ANALYZER_NONNULL = YES;
				CLANG_ANALYZER_NUMBER_OBJECT_CONVERSION = YES_AGGRESSIVE;
				CLANG_CXX_LANGUAGE_STANDARD = "gnu++0x";
				CLANG_CXX_LIBRARY = "libc++";
				CLANG_ENABLE_MODULES = YES;
				CLANG_ENABLE_OBJC_ARC = YES;
				CLANG_WARN_BOOL_CONVERSION = YES;
				CLANG_WARN_CONSTANT_CONVERSION = YES;
				CLANG_WARN_DIRECT_OBJC_ISA_USAGE = YES_ERROR;
				CLANG_WARN_DOCUMENTATION_COMMENTS = YES;
				CLANG_WARN_EMPTY_BODY = YES;
				CLANG_WARN_ENUM_CONVERSION = YES;
				CLANG_WARN_INFINITE_RECURSION = YES;
				CLANG_WARN_INT_CONVERSION = YES;
				CLANG_WARN_OBJC_ROOT_CLASS = YES_ERROR;
				CLANG_WARN_SUSPICIOUS_MOVE = YES;
				CLANG_WARN_UNREACHABLE_CODE = YES;
				CLANG_WARN__DUPLICATE_METHOD_MATCH = YES;
				"CODE_SIGN_IDENTITY[sdk=iphoneos*]" = "iPhone Developer";
				COPY_PHASE_STRIP = NO;
				DEBUG_INFORMATION_FORMAT = "dwarf-with-dsym";
				ENABLE_NS_ASSERTIONS = NO;
				ENABLE_STRICT_OBJC_MSGSEND = YES;
				GCC_C_LANGUAGE_STANDARD = gnu99;
				GCC_NO_COMMON_BLOCKS = YES;
				GCC_WARN_64_TO_32_BIT_CONVERSION = YES;
				GCC_WARN_ABOUT_RETURN_TYPE = YES_ERROR;
				GCC_WARN_UNDECLARED_SELECTOR = YES;
				GCC_WARN_UNINITIALIZED_AUTOS = YES_AGGRESSIVE;
				GCC_WARN_UNUSED_FUNCTION = YES;
				GCC_WARN_UNUSED_VARIABLE = YES;
				IPHONEOS_DEPLOYMENT_TARGET = 10.2;
				MTL_ENABLE_DEBUG_INFO = NO;
				SDKROOT = iphoneos;
				SWIFT_OPTIMIZATION_LEVEL = "-Owholemodule";
				VALIDATE_PRODUCT = YES;
			};
			name = Release;
		};
		80C591A21F04DC9A0021386C /* Debug */ = {
			isa = XCBuildConfiguration;
			buildSettings = {
				ASSETCATALOG_COMPILER_APPICON_NAME = AppIcon;
				DEVELOPMENT_TEAM = 6V63C69JJF;
				FRAMEWORK_SEARCH_PATHS = (
					"$(inherited)",
					"$(PROJECT_DIR)/TwitterDemo/Twitter",
				);
				INFOPLIST_FILE = TwitterDemo/Info.plist;
				IPHONEOS_DEPLOYMENT_TARGET = 10.2;
				LD_RUNPATH_SEARCH_PATHS = "$(inherited) @executable_path/Frameworks";
				PRODUCT_BUNDLE_IDENTIFIER = za.co.momentum.multiply.money;
				PRODUCT_NAME = "$(TARGET_NAME)";
				SWIFT_VERSION = 3.0;
			};
			name = Debug;
		};
		80C591A31F04DC9A0021386C /* Release */ = {
			isa = XCBuildConfiguration;
			buildSettings = {
				ASSETCATALOG_COMPILER_APPICON_NAME = AppIcon;
				DEVELOPMENT_TEAM = 6V63C69JJF;
				FRAMEWORK_SEARCH_PATHS = (
					"$(inherited)",
					"$(PROJECT_DIR)/TwitterDemo/Twitter",
				);
				INFOPLIST_FILE = TwitterDemo/Info.plist;
				IPHONEOS_DEPLOYMENT_TARGET = 10.2;
				LD_RUNPATH_SEARCH_PATHS = "$(inherited) @executable_path/Frameworks";
				PRODUCT_BUNDLE_IDENTIFIER = za.co.momentum.multiply.money;
				PRODUCT_NAME = "$(TARGET_NAME)";
				SWIFT_VERSION = 3.0;
			};
			name = Release;
		};
		80C591A51F04DC9A0021386C /* Debug */ = {
			isa = XCBuildConfiguration;
			buildSettings = {
				ALWAYS_EMBED_SWIFT_STANDARD_LIBRARIES = YES;
				BUNDLE_LOADER = "$(TEST_HOST)";
				INFOPLIST_FILE = TwitterDemoTests/Info.plist;
				LD_RUNPATH_SEARCH_PATHS = "$(inherited) @executable_path/Frameworks @loader_path/Frameworks";
				PRODUCT_BUNDLE_IDENTIFIER = com.zensar.TwitterDemoTests;
				PRODUCT_NAME = "$(TARGET_NAME)";
				SWIFT_VERSION = 3.0;
				TEST_HOST = "$(BUILT_PRODUCTS_DIR)/TwitterDemo.app/TwitterDemo";
			};
			name = Debug;
		};
		80C591A61F04DC9A0021386C /* Release */ = {
			isa = XCBuildConfiguration;
			buildSettings = {
				ALWAYS_EMBED_SWIFT_STANDARD_LIBRARIES = YES;
				BUNDLE_LOADER = "$(TEST_HOST)";
				INFOPLIST_FILE = TwitterDemoTests/Info.plist;
				LD_RUNPATH_SEARCH_PATHS = "$(inherited) @executable_path/Frameworks @loader_path/Frameworks";
				PRODUCT_BUNDLE_IDENTIFIER = com.zensar.TwitterDemoTests;
				PRODUCT_NAME = "$(TARGET_NAME)";
				SWIFT_VERSION = 3.0;
				TEST_HOST = "$(BUILT_PRODUCTS_DIR)/TwitterDemo.app/TwitterDemo";
			};
			name = Release;
		};
/* End XCBuildConfiguration section */

/* Begin XCConfigurationList section */
		80C5917C1F04DC9A0021386C /* Build configuration list for PBXProject "TwitterDemo" */ = {
			isa = XCConfigurationList;
			buildConfigurations = (
				80C5919F1F04DC9A0021386C /* Debug */,
				80C591A01F04DC9A0021386C /* Release */,
			);
			defaultConfigurationIsVisible = 0;
			defaultConfigurationName = Release;
		};
		80C591A11F04DC9A0021386C /* Build configuration list for PBXNativeTarget "TwitterDemo" */ = {
			isa = XCConfigurationList;
			buildConfigurations = (
				80C591A21F04DC9A0021386C /* Debug */,
				80C591A31F04DC9A0021386C /* Release */,
			);
			defaultConfigurationIsVisible = 0;
			defaultConfigurationName = Release;
		};
		80C591A41F04DC9A0021386C /* Build configuration list for PBXNativeTarget "TwitterDemoTests" */ = {
			isa = XCConfigurationList;
			buildConfigurations = (
				80C591A51F04DC9A0021386C /* Debug */,
				80C591A61F04DC9A0021386C /* Release */,
			);
			defaultConfigurationIsVisible = 0;
			defaultConfigurationName = Release;
		};
/* End XCConfigurationList section */

/* Begin XCVersionGroup section */
		80C5918B1F04DC9A0021386C /* TwitterDemo.xcdatamodeld */ = {
			isa = XCVersionGroup;
			children = (
				80C5918C1F04DC9A0021386C /* TwitterDemo.xcdatamodel */,
			);
			currentVersion = 80C5918C1F04DC9A0021386C /* TwitterDemo.xcdatamodel */;
			path = TwitterDemo.xcdatamodeld;
			sourceTree = "<group>";
			versionGroupType = wrapper.xcdatamodel;
		};
/* End XCVersionGroup section */
	};
	rootObject = 80C591791F04DC9A0021386C /* Project object */;
}
